
Microsoft Visual Studio Solution File, Format Version 12.00
# Visual Studio Version 17
VisualStudioVersion = 17.13.35931.197 d17.13
MinimumVisualStudioVersion = 10.0.40219.1
Project("{FAE04EC0-301F-11D3-BF4B-00C04F79EFBC}") = "Insania.Users.Entities", "Insania.Users.Entities\Insania.Users.Entities.csproj", "{9358E042-6D15-4E92-B486-F62CECB4F146}"
EndProject
Global
	GlobalSection(SolutionConfigurationPlatforms) = preSolution
		Debug|Any CPU = Debug|Any CPU
		Release|Any CPU = Release|Any CPU
	EndGlobalSection
	GlobalSection(ProjectConfigurationPlatforms) = postSolution
		{9358E042-6D15-4E92-B486-F62CECB4F146}.Debug|Any CPU.ActiveCfg = Debug|Any CPU
		{9358E042-6D15-4E92-B486-F62CECB4F146}.Debug|Any CPU.Build.0 = Debug|Any CPU
		{9358E042-6D15-4E92-B486-F62CECB4F146}.Release|Any CPU.ActiveCfg = Release|Any CPU
		{9358E042-6D15-4E92-B486-F62CECB4F146}.Release|Any CPU.Build.0 = Release|Any CPU
	EndGlobalSection
	GlobalSection(SolutionProperties) = preSolution
		HideSolutionNode = FALSE
	EndGlobalSection
	GlobalSection(ExtensibilityGlobals) = postSolution
		SolutionGuid = {133C0C78-1260-4B91-AD5D-7DA3440B57F4}
	EndGlobalSection
EndGlobal
